// !$*UTF8*$!
{
	archiveVersion = 1;
	classes = {
	};
	objectVersion = 77;
	objects = {

/* Begin PBXBuildFile section */
		C26708F02E2D26AD005D583F /* FirebaseAuth in Frameworks */ = {isa = PBXBuildFile; productRef = C26708EF2E2D26AD005D583F /* FirebaseAuth */; };
		C26708F32E2D26E6005D583F /* GoogleSignIn in Frameworks */ = {isa = PBXBuildFile; productRef = C26708F22E2D26E6005D583F /* GoogleSignIn */; };
		C267099B2E2D3130005D583F /* FirebaseFirestore in Frameworks */ = {isa = PBXBuildFile; productRef = C267099A2E2D3130005D583F /* FirebaseFirestore */; };
		C267099D2E2D3130005D583F /* FirebaseStorage in Frameworks */ = {isa = PBXBuildFile; productRef = C267099C2E2D3130005D583F /* FirebaseStorage */; };
		C26709A02E2D31B8005D583F /* Kingfisher in Frameworks */ = {isa = PBXBuildFile; productRef = C267099F2E2D31B8005D583F /* Kingfisher */; };
/* End PBXBuildFile section */

/* Begin PBXContainerItemProxy section */
		C267088D2E2D227D005D583F /* PBXContainerItemProxy */ = {
			isa = PBXContainerItemProxy;
			containerPortal = C26708772E2D227B005D583F /* Project object */;
			proxyType = 1;
			remoteGlobalIDString = C267087E2E2D227B005D583F;
			remoteInfo = PaleTalk;
		};
		C26708972E2D227D005D583F /* PBXContainerItemProxy */ = {
			isa = PBXContainerItemProxy;
			containerPortal = C26708772E2D227B005D583F /* Project object */;
			proxyType = 1;
			remoteGlobalIDString = C267087E2E2D227B005D583F;
			remoteInfo = PaleTalk;
		};
/* End PBXContainerItemProxy section */

/* Begin PBXFileReference section */
		C267087F2E2D227B005D583F /* PaleTalk.app */ = {isa = PBXFileReference; explicitFileType = wrapper.application; includeInIndex = 0; path = PaleTalk.app; sourceTree = BUILT_PRODUCTS_DIR; };
		C267088C2E2D227D005D583F /* PaleTalkTests.xctest */ = {isa = PBXFileReference; explicitFileType = wrapper.cfbundle; includeInIndex = 0; path = PaleTalkTests.xctest; sourceTree = BUILT_PRODUCTS_DIR; };
		C26708962E2D227D005D583F /* PaleTalkUITests.xctest */ = {isa = PBXFileReference; explicitFileType = wrapper.cfbundle; includeInIndex = 0; path = PaleTalkUITests.xctest; sourceTree = BUILT_PRODUCTS_DIR; };
/* End PBXFileReference section */

/* Begin PBXFileSystemSynchronizedBuildFileExceptionSet section */
		C26708F92E2D2992005D583F /* Exceptions for "PaleTalk" folder in "PaleTalk" target */ = {
			isa = PBXFileSystemSynchronizedBuildFileExceptionSet;
			membershipExceptions = (
				Info.plist,
			);
			target = C267087E2E2D227B005D583F /* PaleTalk */;
		};
/* End PBXFileSystemSynchronizedBuildFileExceptionSet section */

/* Begin PBXFileSystemSynchronizedRootGroup section */
		C26708812E2D227B005D583F /* PaleTalk */ = {
			isa = PBXFileSystemSynchronizedRootGroup;
			exceptions = (
				C26708F92E2D2992005D583F /* Exceptions for "PaleTalk" folder in "PaleTalk" target */,
			);
			path = PaleTalk;
			sourceTree = "<group>";
		};
		C267088F2E2D227D005D583F /* PaleTalkTests */ = {
			isa = PBXFileSystemSynchronizedRootGroup;
			path = PaleTalkTests;
			sourceTree = "<group>";
		};
		C26708992E2D227D005D583F /* PaleTalkUITests */ = {
			isa = PBXFileSystemSynchronizedRootGroup;
			path = PaleTalkUITests;
			sourceTree = "<group>";
		};
/* End PBXFileSystemSynchronizedRootGroup section */

/* Begin PBXFrameworksBuildPhase section */
		C267087C2E2D227B005D583F /* Frameworks */ = {
			isa = PBXFrameworksBuildPhase;
			buildActionMask = 2147483647;
			files = (
				C26708F02E2D26AD005D583F /* FirebaseAuth in Frameworks */,
				C267099D2E2D3130005D583F /* FirebaseStorage in Frameworks */,
				C26708F32E2D26E6005D583F /* GoogleSignIn in Frameworks */,
				C267099B2E2D3130005D583F /* FirebaseFirestore in Frameworks */,
				C26709A02E2D31B8005D583F /* Kingfisher in Frameworks */,
			);
			runOnlyForDeploymentPostprocessing = 0;
		};
		C26708892E2D227D005D583F /* Frameworks */ = {
			isa = PBXFrameworksBuildPhase;
			buildActionMask = 2147483647;
			files = (
			);
			runOnlyForDeploymentPostprocessing = 0;
		};
		C26708932E2D227D005D583F /* Frameworks */ = {
			isa = PBXFrameworksBuildPhase;
			buildActionMask = 2147483647;
			files = (
			);
			runOnlyForDeploymentPostprocessing = 0;
		};
/* End PBXFrameworksBuildPhase section */

/* Begin PBXGroup section */
		C26708762E2D227B005D583F = {
			isa = PBXGroup;
			children = (
				C26708812E2D227B005D583F /* PaleTalk */,
				C267088F2E2D227D005D583F /* PaleTalkTests */,
				C26708992E2D227D005D583F /* PaleTalkUITests */,
				C26708802E2D227B005D583F /* Products */,
			);
			sourceTree = "<group>";
		};
		C26708802E2D227B005D583F /* Products */ = {
			isa = PBXGroup;
			children = (
				C267087F2E2D227B005D583F /* PaleTalk.app */,
				C267088C2E2D227D005D583F /* PaleTalkTests.xctest */,
				C26708962E2D227D005D583F /* PaleTalkUITests.xctest */,
			);
			name = Products;
			sourceTree = "<group>";
		};
/* End PBXGroup section */

/* Begin PBXNativeTarget section */
		C267087E2E2D227B005D583F /* PaleTalk */ = {
			isa = PBXNativeTarget;
			buildConfigurationList = C26708A02E2D227D005D583F /* Build configuration list for PBXNativeTarget "PaleTalk" */;
			buildPhases = (
				C267087B2E2D227B005D583F /* Sources */,
				C267087C2E2D227B005D583F /* Frameworks */,
				C267087D2E2D227B005D583F /* Resources */,
			);
			buildRules = (
			);
			dependencies = (
			);
			fileSystemSynchronizedGroups = (
				C26708812E2D227B005D583F /* PaleTalk */,
			);
			name = PaleTalk;
			packageProductDependencies = (
				C26708EF2E2D26AD005D583F /* FirebaseAuth */,
				C26708F22E2D26E6005D583F /* GoogleSignIn */,
				C267099A2E2D3130005D583F /* FirebaseFirestore */,
				C267099C2E2D3130005D583F /* FirebaseStorage */,
				C267099F2E2D31B8005D583F /* Kingfisher */,
			);
			productName = PaleTalk;
			productReference = C267087F2E2D227B005D583F /* PaleTalk.app */;
			productType = "com.apple.product-type.application";
		};
		C267088B2E2D227D005D583F /* PaleTalkTests */ = {
			isa = PBXNativeTarget;
			buildConfigurationList = C26708A32E2D227D005D583F /* Build configuration list for PBXNativeTarget "PaleTalkTests" */;
			buildPhases = (
				C26708882E2D227D005D583F /* Sources */,
				C26708892E2D227D005D583F /* Frameworks */,
				C267088A2E2D227D005D583F /* Resources */,
			);
			buildRules = (
			);
			dependencies = (
				C267088E2E2D227D005D583F /* PBXTargetDependency */,
			);
			fileSystemSynchronizedGroups = (
				C267088F2E2D227D005D583F /* PaleTalkTests */,
			);
			name = PaleTalkTests;
			packageProductDependencies = (
			);
			productName = PaleTalkTests;
			productReference = C267088C2E2D227D005D583F /* PaleTalkTests.xctest */;
			productType = "com.apple.product-type.bundle.unit-test";
		};
		C26708952E2D227D005D583F /* PaleTalkUITests */ = {
			isa = PBXNativeTarget;
			buildConfigurationList = C26708A62E2D227D005D583F /* Build configuration list for PBXNativeTarget "PaleTalkUITests" */;
			buildPhases = (
				C26708922E2D227D005D583F /* Sources */,
				C26708932E2D227D005D583F /* Frameworks */,
				C26708942E2D227D005D583F /* Resources */,
			);
			buildRules = (
			);
			dependencies = (
				C26708982E2D227D005D583F /* PBXTargetDependency */,
			);
			fileSystemSynchronizedGroups = (
				C26708992E2D227D005D583F /* PaleTalkUITests */,
			);
			name = PaleTalkUITests;
			packageProductDependencies = (
			);
			productName = PaleTalkUITests;
			productReference = C26708962E2D227D005D583F /* PaleTalkUITests.xctest */;
			productType = "com.apple.product-type.bundle.ui-testing";
		};
/* End PBXNativeTarget section */

/* Begin PBXProject section */
		C26708772E2D227B005D583F /* Project object */ = {
			isa = PBXProject;
			attributes = {
				BuildIndependentTargetsInParallel = 1;
				LastSwiftUpdateCheck = 1640;
				LastUpgradeCheck = 1640;
				TargetAttributes = {
					C267087E2E2D227B005D583F = {
						CreatedOnToolsVersion = 16.4;
					};
					C267088B2E2D227D005D583F = {
						CreatedOnToolsVersion = 16.4;
						TestTargetID = C267087E2E2D227B005D583F;
					};
					C26708952E2D227D005D583F = {
						CreatedOnToolsVersion = 16.4;
						TestTargetID = C267087E2E2D227B005D583F;
					};
				};
			};
			buildConfigurationList = C267087A2E2D227B005D583F /* Build configuration list for PBXProject "PaleTalk" */;
			developmentRegion = en;
			hasScannedForEncodings = 0;
			knownRegions = (
				en,
				Base,
			);
			mainGroup = C26708762E2D227B005D583F;
			minimizedProjectReferenceProxies = 1;
			packageReferences = (
				C26708EE2E2D26AD005D583F /* XCRemoteSwiftPackageReference "firebase-ios-sdk" */,
				C26708F12E2D26E6005D583F /* XCRemoteSwiftPackageReference "GoogleSignIn-iOS" */,
				C267099E2E2D31B8005D583F /* XCRemoteSwiftPackageReference "Kingfisher" */,
			);
			preferredProjectObjectVersion = 77;
			productRefGroup = C26708802E2D227B005D583F /* Products */;
			projectDirPath = "";
			projectRoot = "";
			targets = (
				C267087E2E2D227B005D583F /* PaleTalk */,
				C267088B2E2D227D005D583F /* PaleTalkTests */,
				C26708952E2D227D005D583F /* PaleTalkUITests */,
			);
		};
/* End PBXProject section */

/* Begin PBXResourcesBuildPhase section */
		C267087D2E2D227B005D583F /* Resources */ = {
			isa = PBXResourcesBuildPhase;
			buildActionMask = 2147483647;
			files = (
			);
			runOnlyForDeploymentPostprocessing = 0;
		};
		C267088A2E2D227D005D583F /* Resources */ = {
			isa = PBXResourcesBuildPhase;
			buildActionMask = 2147483647;
			files = (
			);
			runOnlyForDeploymentPostprocessing = 0;
		};
		C26708942E2D227D005D583F /* Resources */ = {
			isa = PBXResourcesBuildPhase;
			buildActionMask = 2147483647;
			files = (
			);
			runOnlyForDeploymentPostprocessing = 0;
		};
/* End PBXResourcesBuildPhase section */

/* Begin PBXSourcesBuildPhase section */
		C267087B2E2D227B005D583F /* Sources */ = {
			isa = PBXSourcesBuildPhase;
			buildActionMask = 2147483647;
			files = (
			);
			runOnlyForDeploymentPostprocessing = 0;
		};
		C26708882E2D227D005D583F /* Sources */ = {
			isa = PBXSourcesBuildPhase;
			buildActionMask = 2147483647;
			files = (
			);
			runOnlyForDeploymentPostprocessing = 0;
		};
		C26708922E2D227D005D583F /* Sources */ = {
			isa = PBXSourcesBuildPhase;
			buildActionMask = 2147483647;
			files = (
			);
			runOnlyForDeploymentPostprocessing = 0;
		};
/* End PBXSourcesBuildPhase section */

/* Begin PBXTargetDependency section */
		C267088E2E2D227D005D583F /* PBXTargetDependency */ = {
			isa = PBXTargetDependency;
			target = C267087E2E2D227B005D583F /* PaleTalk */;
			targetProxy = C267088D2E2D227D005D583F /* PBXContainerItemProxy */;
		};
		C26708982E2D227D005D583F /* PBXTargetDependency */ = {
			isa = PBXTargetDependency;
			target = C267087E2E2D227B005D583F /* PaleTalk */;
			targetProxy = C26708972E2D227D005D583F /* PBXContainerItemProxy */;
		};
/* End PBXTargetDependency section */

/* Begin XCBuildConfiguration section */
		C267089E2E2D227D005D583F /* Debug */ = {
			isa = XCBuildConfiguration;
			buildSettings = {
				ALWAYS_SEARCH_USER_PATHS = NO;
				ASSETCATALOG_COMPILER_GENERATE_SWIFT_ASSET_SYMBOL_EXTENSIONS = YES;
				CLANG_ANALYZER_NONNULL = YES;
				CLANG_ANALYZER_NUMBER_OBJECT_CONVERSION = YES_AGGRESSIVE;
				CLANG_CXX_LANGUAGE_STANDARD = "gnu++20";
				CLANG_ENABLE_MODULES = YES;
				CLANG_ENABLE_OBJC_ARC = YES;
				CLANG_ENABLE_OBJC_WEAK = YES;
				CLANG_WARN_BLOCK_CAPTURE_AUTORELEASING = YES;
				CLANG_WARN_BOOL_CONVERSION = YES;
				CLANG_WARN_COMMA = YES;
				CLANG_WARN_CONSTANT_CONVERSION = YES;
				CLANG_WARN_DEPRECATED_OBJC_IMPLEMENTATIONS = YES;
				CLANG_WARN_DIRECT_OBJC_ISA_USAGE = YES_ERROR;
				CLANG_WARN_DOCUMENTATION_COMMENTS = YES;
				CLANG_WARN_EMPTY_BODY = YES;
				CLANG_WARN_ENUM_CONVERSION = YES;
				CLANG_WARN_INFINITE_RECURSION = YES;
				CLANG_WARN_INT_CONVERSION = YES;
				CLANG_WARN_NON_LITERAL_NULL_CONVERSION = YES;
				CLANG_WARN_OBJC_IMPLICIT_RETAIN_SELF = YES;
				CLANG_WARN_OBJC_LITERAL_CONVERSION = YES;
				CLANG_WARN_OBJC_ROOT_CLASS = YES_ERROR;
				CLANG_WARN_QUOTED_INCLUDE_IN_FRAMEWORK_HEADER = YES;
				CLANG_WARN_RANGE_LOOP_ANALYSIS = YES;
				CLANG_WARN_STRICT_PROTOTYPES = YES;
				CLANG_WARN_SUSPICIOUS_MOVE = YES;
				CLANG_WARN_UNGUARDED_AVAILABILITY = YES_AGGRESSIVE;
				CLANG_WARN_UNREACHABLE_CODE = YES;
				CLANG_WARN__DUPLICATE_METHOD_MATCH = YES;
				COPY_PHASE_STRIP = NO;
				DEBUG_INFORMATION_FORMAT = dwarf;
				DEVELOPMENT_TEAM = 4C5QZ5DXV6;
				ENABLE_STRICT_OBJC_MSGSEND = YES;
				ENABLE_TESTABILITY = YES;
				ENABLE_USER_SCRIPT_SANDBOXING = YES;
				GCC_C_LANGUAGE_STANDARD = gnu17;
				GCC_DYNAMIC_NO_PIC = NO;
				GCC_NO_COMMON_BLOCKS = YES;
				GCC_OPTIMIZATION_LEVEL = 0;
				GCC_PREPROCESSOR_DEFINITIONS = (
					"DEBUG=1",
					"$(inherited)",
				);
				GCC_WARN_64_TO_32_BIT_CONVERSION = YES;
				GCC_WARN_ABOUT_RETURN_TYPE = YES_ERROR;
				GCC_WARN_UNDECLARED_SELECTOR = YES;
				GCC_WARN_UNINITIALIZED_AUTOS = YES_AGGRESSIVE;
				GCC_WARN_UNUSED_FUNCTION = YES;
				GCC_WARN_UNUSED_VARIABLE = YES;
				IPHONEOS_DEPLOYMENT_TARGET = 18.5;
				LOCALIZATION_PREFERS_STRING_CATALOGS = YES;
				MTL_ENABLE_DEBUG_INFO = INCLUDE_SOURCE;
				MTL_FAST_MATH = YES;
				ONLY_ACTIVE_ARCH = YES;
				SDKROOT = iphoneos;
				SWIFT_ACTIVE_COMPILATION_CONDITIONS = "DEBUG $(inherited)";
				SWIFT_OPTIMIZATION_LEVEL = "-Onone";
			};
			name = Debug;
		};
		C267089F2E2D227D005D583F /* Release */ = {
			isa = XCBuildConfiguration;
			buildSettings = {
				ALWAYS_SEARCH_USER_PATHS = NO;
				ASSETCATALOG_COMPILER_GENERATE_SWIFT_ASSET_SYMBOL_EXTENSIONS = YES;
				CLANG_ANALYZER_NONNULL = YES;
				CLANG_ANALYZER_NUMBER_OBJECT_CONVERSION = YES_AGGRESSIVE;
				CLANG_CXX_LANGUAGE_STANDARD = "gnu++20";
				CLANG_ENABLE_MODULES = YES;
				CLANG_ENABLE_OBJC_ARC = YES;
				CLANG_ENABLE_OBJC_WEAK = YES;
				CLANG_WARN_BLOCK_CAPTURE_AUTORELEASING = YES;
				CLANG_WARN_BOOL_CONVERSION = YES;
				CLANG_WARN_COMMA = YES;
				CLANG_WARN_CONSTANT_CONVERSION = YES;
				CLANG_WARN_DEPRECATED_OBJC_IMPLEMENTATIONS = YES;
				CLANG_WARN_DIRECT_OBJC_ISA_USAGE = YES_ERROR;
				CLANG_WARN_DOCUMENTATION_COMMENTS = YES;
				CLANG_WARN_EMPTY_BODY = YES;
				CLANG_WARN_ENUM_CONVERSION = YES;
				CLANG_WARN_INFINITE_RECURSION = YES;
				CLANG_WARN_INT_CONVERSION = YES;
				CLANG_WARN_NON_LITERAL_NULL_CONVERSION = YES;
				CLANG_WARN_OBJC_IMPLICIT_RETAIN_SELF = YES;
				CLANG_WARN_OBJC_LITERAL_CONVERSION = YES;
				CLANG_WARN_OBJC_ROOT_CLASS = YES_ERROR;
				CLANG_WARN_QUOTED_INCLUDE_IN_FRAMEWORK_HEADER = YES;
				CLANG_WARN_RANGE_LOOP_ANALYSIS = YES;
				CLANG_WARN_STRICT_PROTOTYPES = YES;
				CLANG_WARN_SUSPICIOUS_MOVE = YES;
				CLANG_WARN_UNGUARDED_AVAILABILITY = YES_AGGRESSIVE;
				CLANG_WARN_UNREACHABLE_CODE = YES;
				CLANG_WARN__DUPLICATE_METHOD_MATCH = YES;
				COPY_PHASE_STRIP = NO;
				DEBUG_INFORMATION_FORMAT = "dwarf-with-dsym";
				DEVELOPMENT_TEAM = 4C5QZ5DXV6;
				ENABLE_NS_ASSERTIONS = NO;
				ENABLE_STRICT_OBJC_MSGSEND = YES;
				ENABLE_USER_SCRIPT_SANDBOXING = YES;
				GCC_C_LANGUAGE_STANDARD = gnu17;
				GCC_NO_COMMON_BLOCKS = YES;
				GCC_WARN_64_TO_32_BIT_CONVERSION = YES;
				GCC_WARN_ABOUT_RETURN_TYPE = YES_ERROR;
				GCC_WARN_UNDECLARED_SELECTOR = YES;
				GCC_WARN_UNINITIALIZED_AUTOS = YES_AGGRESSIVE;
				GCC_WARN_UNUSED_FUNCTION = YES;
				GCC_WARN_UNUSED_VARIABLE = YES;
				IPHONEOS_DEPLOYMENT_TARGET = 18.5;
				LOCALIZATION_PREFERS_STRING_CATALOGS = YES;
				MTL_ENABLE_DEBUG_INFO = NO;
				MTL_FAST_MATH = YES;
				SDKROOT = iphoneos;
				SWIFT_COMPILATION_MODE = wholemodule;
				VALIDATE_PRODUCT = YES;
			};
			name = Release;
		};
		C26708A12E2D227D005D583F /* Debug */ = {
			isa = XCBuildConfiguration;
			buildSettings = {
				ASSETCATALOG_COMPILER_APPICON_NAME = AppIcon;
				ASSETCATALOG_COMPILER_GLOBAL_ACCENT_COLOR_NAME = AccentColor;
				CODE_SIGN_ENTITLEMENTS = PaleTalk/PaleTalk.entitlements;
				CODE_SIGN_STYLE = Automatic;
				CURRENT_PROJECT_VERSION = 1;
				DEVELOPMENT_TEAM = 4C5QZ5DXV6;
				ENABLE_PREVIEWS = YES;
				GENERATE_INFOPLIST_FILE = YES;
				INFOPLIST_FILE = PaleTalk/Info.plist;
				INFOPLIST_KEY_UIApplicationSceneManifest_Generation = YES;
				INFOPLIST_KEY_UIApplicationSupportsIndirectInputEvents = YES;
				INFOPLIST_KEY_UILaunchScreen_Generation = YES;
				INFOPLIST_KEY_UISupportedInterfaceOrientations_iPad = "UIInterfaceOrientationPortrait UIInterfaceOrientationPortraitUpsideDown UIInterfaceOrientationLandscapeLeft UIInterfaceOrientationLandscapeRight";
				INFOPLIST_KEY_UISupportedInterfaceOrientations_iPhone = "UIInterfaceOrientationPortrait UIInterfaceOrientationLandscapeLeft UIInterfaceOrientationLandscapeRight";
				LD_RUNPATH_SEARCH_PATHS = (
					"$(inherited)",
					"@executable_path/Frameworks",
				);
				MARKETING_VERSION = 1.0;
				PRODUCT_BUNDLE_IDENTIFIER = com.harrylee.PaleTalk;
				PRODUCT_NAME = "$(TARGET_NAME)";
				SUPPORTED_PLATFORMS = "iphoneos iphonesimulator";
				SUPPORTS_MACCATALYST = NO;
				SUPPORTS_MAC_DESIGNED_FOR_IPHONE_IPAD = NO;
				SUPPORTS_XR_DESIGNED_FOR_IPHONE_IPAD = NO;
				SWIFT_EMIT_LOC_STRINGS = YES;
				SWIFT_VERSION = 5.0;
				TARGETED_DEVICE_FAMILY = 1;
			};
			name = Debug;
		};
		C26708A22E2D227D005D583F /* Release */ = {
			isa = XCBuildConfiguration;
			buildSettings = {
				ASSETCATALOG_COMPILER_APPICON_NAME = AppIcon;
				ASSETCATALOG_COMPILER_GLOBAL_ACCENT_COLOR_NAME = AccentColor;
				CODE_SIGN_ENTITLEMENTS = PaleTalk/PaleTalk.entitlements;
				CODE_SIGN_STYLE = Automatic;
				CURRENT_PROJECT_VERSION = 1;
				DEVELOPMENT_TEAM = 4C5QZ5DXV6;
				ENABLE_PREVIEWS = YES;
				GENERATE_INFOPLIST_FILE = YES;
				INFOPLIST_FILE = PaleTalk/Info.plist;
				INFOPLIST_KEY_UIApplicationSceneManifest_Generation = YES;
				INFOPLIST_KEY_UIApplicationSupportsIndirectInputEvents = YES;
				INFOPLIST_KEY_UILaunchScreen_Generation = YES;
				INFOPLIST_KEY_UISupportedInterfaceOrientations_iPad = "UIInterfaceOrientationPortrait UIInterfaceOrientationPortraitUpsideDown UIInterfaceOrientationLandscapeLeft UIInterfaceOrientationLandscapeRight";
				INFOPLIST_KEY_UISupportedInterfaceOrientations_iPhone = "UIInterfaceOrientationPortrait UIInterfaceOrientationLandscapeLeft UIInterfaceOrientationLandscapeRight";
				LD_RUNPATH_SEARCH_PATHS = (
					"$(inherited)",
					"@executable_path/Frameworks",
				);
				MARKETING_VERSION = 1.0;
				PRODUCT_BUNDLE_IDENTIFIER = com.harrylee.PaleTalk;
				PRODUCT_NAME = "$(TARGET_NAME)";
				SUPPORTED_PLATFORMS = "iphoneos iphonesimulator";
				SUPPORTS_MACCATALYST = NO;
				SUPPORTS_MAC_DESIGNED_FOR_IPHONE_IPAD = NO;
				SUPPORTS_XR_DESIGNED_FOR_IPHONE_IPAD = NO;
				SWIFT_EMIT_LOC_STRINGS = YES;
				SWIFT_VERSION = 5.0;
				TARGETED_DEVICE_FAMILY = 1;
			};
			name = Release;
		};
		C26708A42E2D227D005D583F /* Debug */ = {
			isa = XCBuildConfiguration;
			buildSettings = {
				BUNDLE_LOADER = "$(TEST_HOST)";
				CODE_SIGN_STYLE = Automatic;
				CURRENT_PROJECT_VERSION = 1;
				DEVELOPMENT_TEAM = 4C5QZ5DXV6;
				GENERATE_INFOPLIST_FILE = YES;
				IPHONEOS_DEPLOYMENT_TARGET = 18.5;
				MARKETING_VERSION = 1.0;
				PRODUCT_BUNDLE_IDENTIFIER = com.harrylee.PaleTalkTests;
				PRODUCT_NAME = "$(TARGET_NAME)";
				SWIFT_EMIT_LOC_STRINGS = NO;
				SWIFT_VERSION = 5.0;
				TARGETED_DEVICE_FAMILY = "1,2";
				TEST_HOST = "$(BUILT_PRODUCTS_DIR)/PaleTalk.app/$(BUNDLE_EXECUTABLE_FOLDER_PATH)/PaleTalk";
			};
			name = Debug;
		};
		C26708A52E2D227D005D583F /* Release */ = {
			isa = XCBuildConfiguration;
			buildSettings = {
				BUNDLE_LOADER = "$(TEST_HOST)";
				CODE_SIGN_STYLE = Automatic;
				CURRENT_PROJECT_VERSION = 1;
				DEVELOPMENT_TEAM = 4C5QZ5DXV6;
				GENERATE_INFOPLIST_FILE = YES;
				IPHONEOS_DEPLOYMENT_TARGET = 18.5;
				MARKETING_VERSION = 1.0;
				PRODUCT_BUNDLE_IDENTIFIER = com.harrylee.PaleTalkTests;
				PRODUCT_NAME = "$(TARGET_NAME)";
				SWIFT_EMIT_LOC_STRINGS = NO;
				SWIFT_VERSION = 5.0;
				TARGETED_DEVICE_FAMILY = "1,2";
				TEST_HOST = "$(BUILT_PRODUCTS_DIR)/PaleTalk.app/$(BUNDLE_EXECUTABLE_FOLDER_PATH)/PaleTalk";
			};
			name = Release;
		};
		C26708A72E2D227D005D583F /* Debug */ = {
			isa = XCBuildConfiguration;
			buildSettings = {
				CODE_SIGN_STYLE = Automatic;
				CURRENT_PROJECT_VERSION = 1;
				DEVELOPMENT_TEAM = 4C5QZ5DXV6;
				GENERATE_INFOPLIST_FILE = YES;
				MARKETING_VERSION = 1.0;
				PRODUCT_BUNDLE_IDENTIFIER = com.harrylee.PaleTalkUITests;
				PRODUCT_NAME = "$(TARGET_NAME)";
				SWIFT_EMIT_LOC_STRINGS = NO;
				SWIFT_VERSION = 5.0;
				TARGETED_DEVICE_FAMILY = "1,2";
				TEST_TARGET_NAME = PaleTalk;
			};
			name = Debug;
		};
		C26708A82E2D227D005D583F /* Release */ = {
			isa = XCBuildConfiguration;
			buildSettings = {
				CODE_SIGN_STYLE = Automatic;
				CURRENT_PROJECT_VERSION = 1;
				DEVELOPMENT_TEAM = 4C5QZ5DXV6;
				GENERATE_INFOPLIST_FILE = YES;
				MARKETING_VERSION = 1.0;
				PRODUCT_BUNDLE_IDENTIFIER = com.harrylee.PaleTalkUITests;
				PRODUCT_NAME = "$(TARGET_NAME)";
				SWIFT_EMIT_LOC_STRINGS = NO;
				SWIFT_VERSION = 5.0;
				TARGETED_DEVICE_FAMILY = "1,2";
				TEST_TARGET_NAME = PaleTalk;
			};
			name = Release;
		};
/* End XCBuildConfiguration section */

/* Begin XCConfigurationList section */
		C267087A2E2D227B005D583F /* Build configuration list for PBXProject "PaleTalk" */ = {
			isa = XCConfigurationList;
			buildConfigurations = (
				C267089E2E2D227D005D583F /* Debug */,
				C267089F2E2D227D005D583F /* Release */,
			);
			defaultConfigurationIsVisible = 0;
			defaultConfigurationName = Release;
		};
		C26708A02E2D227D005D583F /* Build configuration list for PBXNativeTarget "PaleTalk" */ = {
			isa = XCConfigurationList;
			buildConfigurations = (
				C26708A12E2D227D005D583F /* Debug */,
				C26708A22E2D227D005D583F /* Release */,
			);
			defaultConfigurationIsVisible = 0;
			defaultConfigurationName = Release;
		};
		C26708A32E2D227D005D583F /* Build configuration list for PBXNativeTarget "PaleTalkTests" */ = {
			isa = XCConfigurationList;
			buildConfigurations = (
				C26708A42E2D227D005D583F /* Debug */,
				C26708A52E2D227D005D583F /* Release */,
			);
			defaultConfigurationIsVisible = 0;
			defaultConfigurationName = Release;
		};
		C26708A62E2D227D005D583F /* Build configuration list for PBXNativeTarget "PaleTalkUITests" */ = {
			isa = XCConfigurationList;
			buildConfigurations = (
				C26708A72E2D227D005D583F /* Debug */,
				C26708A82E2D227D005D583F /* Release */,
			);
			defaultConfigurationIsVisible = 0;
			defaultConfigurationName = Release;
		};
/* End XCConfigurationList section */

/* Begin XCRemoteSwiftPackageReference section */
		C26708EE2E2D26AD005D583F /* XCRemoteSwiftPackageReference "firebase-ios-sdk" */ = {
			isa = XCRemoteSwiftPackageReference;
			repositoryURL = "https://github.com/firebase/firebase-ios-sdk";
			requirement = {
				kind = upToNextMajorVersion;
				minimumVersion = 12.0.0;
			};
		};
		C26708F12E2D26E6005D583F /* XCRemoteSwiftPackageReference "GoogleSignIn-iOS" */ = {
			isa = XCRemoteSwiftPackageReference;
			repositoryURL = "https://github.com/google/GoogleSignIn-iOS";
			requirement = {
				kind = upToNextMajorVersion;
				minimumVersion = 9.0.0;
			};
		};
		C267099E2E2D31B8005D583F /* XCRemoteSwiftPackageReference "Kingfisher" */ = {
			isa = XCRemoteSwiftPackageReference;
			repositoryURL = "https://github.com/onevcat/Kingfisher";
			requirement = {
				kind = upToNextMajorVersion;
				minimumVersion = 8.5.0;
			};
		};
/* End XCRemoteSwiftPackageReference section */

/* Begin XCSwiftPackageProductDependency section */
		C26708EF2E2D26AD005D583F /* FirebaseAuth */ = {
			isa = XCSwiftPackageProductDependency;
			package = C26708EE2E2D26AD005D583F /* XCRemoteSwiftPackageReference "firebase-ios-sdk" */;
			productName = FirebaseAuth;
		};
		C26708F22E2D26E6005D583F /* GoogleSignIn */ = {
			isa = XCSwiftPackageProductDependency;
			package = C26708F12E2D26E6005D583F /* XCRemoteSwiftPackageReference "GoogleSignIn-iOS" */;
			productName = GoogleSignIn;
		};
		C267099A2E2D3130005D583F /* FirebaseFirestore */ = {
			isa = XCSwiftPackageProductDependency;
			package = C26708EE2E2D26AD005D583F /* XCRemoteSwiftPackageReference "firebase-ios-sdk" */;
			productName = FirebaseFirestore;
		};
		C267099C2E2D3130005D583F /* FirebaseStorage */ = {
			isa = XCSwiftPackageProductDependency;
			package = C26708EE2E2D26AD005D583F /* XCRemoteSwiftPackageReference "firebase-ios-sdk" */;
			productName = FirebaseStorage;
		};
		C267099F2E2D31B8005D583F /* Kingfisher */ = {
			isa = XCSwiftPackageProductDependency;
			package = C267099E2E2D31B8005D583F /* XCRemoteSwiftPackageReference "Kingfisher" */;
			productName = Kingfisher;
		};
/* End XCSwiftPackageProductDependency section */
	};
	rootObject = C26708772E2D227B005D583F /* Project object */;
}
